// !$*UTF8*$!
{
	archiveVersion = 1;
	classes = {
	};
	objectVersion = 46;
	objects = {

/* Begin PBXBuildFile section */
		B01BCB2B1C509799005E07AE /* main.m in Sources */ = {isa = PBXBuildFile; fileRef = B01BCB2A1C509799005E07AE /* main.m */; };
		B01BCB2E1C509799005E07AE /* AppDelegate.m in Sources */ = {isa = PBXBuildFile; fileRef = B01BCB2D1C509799005E07AE /* AppDelegate.m */; };
		B01BCB311C509799005E07AE /* ViewController.m in Sources */ = {isa = PBXBuildFile; fileRef = B01BCB301C509799005E07AE /* ViewController.m */; };
		B01BCB341C509799005E07AE /* Main.storyboard in Resources */ = {isa = PBXBuildFile; fileRef = B01BCB321C509799005E07AE /* Main.storyboard */; };
		B01BCB361C509799005E07AE /* Assets.xcassets in Resources */ = {isa = PBXBuildFile; fileRef = B01BCB351C509799005E07AE /* Assets.xcassets */; };
		B01BCB391C509799005E07AE /* LaunchScreen.storyboard in Resources */ = {isa = PBXBuildFile; fileRef = B01BCB371C509799005E07AE /* LaunchScreen.storyboard */; };
/* End PBXBuildFile section */

/* Begin PBXFileReference section */
		B01BCB261C509799005E07AE /* MJRefresh.app */ = {isa = PBXFileReference; explicitFileType = wrapper.application; includeInIndex = 0; path = MJRefresh.app; sourceTree = BUILT_PRODUCTS_DIR; };
		B01BCB2A1C509799005E07AE /* main.m */ = {isa = PBXFileReference; lastKnownFileType = sourcecode.c.objc; path = main.m; sourceTree = "<group>"; };
		B01BCB2C1C509799005E07AE /* AppDelegate.h */ = {isa = PBXFileReference; lastKnownFileType = sourcecode.c.h; path = AppDelegate.h; sourceTree = "<group>"; };
		B01BCB2D1C509799005E07AE /* AppDelegate.m */ = {isa = PBXFileReference; lastKnownFileType = sourcecode.c.objc; path = AppDelegate.m; sourceTree = "<group>"; };
		B01BCB2F1C509799005E07AE /* ViewController.h */ = {isa = PBXFileReference; lastKnownFileType = sourcecode.c.h; path = ViewController.h; sourceTree = "<group>"; };
		B01BCB301C509799005E07AE /* ViewController.m */ = {isa = PBXFileReference; lastKnownFileType = sourcecode.c.objc; path = ViewController.m; sourceTree = "<group>"; };
		B01BCB331C509799005E07AE /* Base */ = {isa = PBXFileReference; lastKnownFileType = file.storyboard; name = Base; path = Base.lproj/Main.storyboard; sourceTree = "<group>"; };
		B01BCB351C509799005E07AE /* Assets.xcassets */ = {isa = PBXFileReference; lastKnownFileType = folder.assetcatalog; path = Assets.xcassets; sourceTree = "<group>"; };
		B01BCB381C509799005E07AE /* Base */ = {isa = PBXFileReference; lastKnownFileType = file.storyboard; name = Base; path = Base.lproj/LaunchScreen.storyboard; sourceTree = "<group>"; };
		B01BCB3A1C509799005E07AE /* Info.plist */ = {isa = PBXFileReference; lastKnownFileType = text.plist.xml; path = Info.plist; sourceTree = "<group>"; };
/* End PBXFileReference section */

/* Begin PBXFrameworksBuildPhase section */
		B01BCB231C509799005E07AE /* Frameworks */ = {
			isa = PBXFrameworksBuildPhase;
			buildActionMask = 2147483647;
			files = (
			);
			runOnlyForDeploymentPostprocessing = 0;
		};
/* End PBXFrameworksBuildPhase section */

/* Begin PBXGroup section */
		B01BCB1D1C509799005E07AE = {
			isa = PBXGroup;
			children = (
				B01BCB281C509799005E07AE /* MJRefresh */,
				B01BCB271C509799005E07AE /* Products */,
			);
			sourceTree = "<group>";
		};
		B01BCB271C509799005E07AE /* Products */ = {
			isa = PBXGroup;
			children = (
				B01BCB261C509799005E07AE /* MJRefresh.app */,
			);
			name = Products;
			sourceTree = "<group>";
		};
		B01BCB281C509799005E07AE /* MJRefresh */ = {
			isa = PBXGroup;
			children = (
				B01BCB2C1C509799005E07AE /* AppDelegate.h */,
				B01BCB2D1C509799005E07AE /* AppDelegate.m */,
				B01BCB2F1C509799005E07AE /* ViewController.h */,
				B01BCB301C509799005E07AE /* ViewController.m */,
				B01BCB321C509799005E07AE /* Main.storyboard */,
				B01BCB351C509799005E07AE /* Assets.xcassets */,
				B01BCB371C509799005E07AE /* LaunchScreen.storyboard */,
				B01BCB3A1C509799005E07AE /* Info.plist */,
				B01BCB291C509799005E07AE /* Supporting Files */,
			);
			path = MJRefresh;
			sourceTree = "<group>";
		};
		B01BCB291C509799005E07AE /* Supporting Files */ = {
			isa = PBXGroup;
			children = (
				B01BCB2A1C509799005E07AE /* main.m */,
			);
			name = "Supporting Files";
			sourceTree = "<group>";
		};
/* End PBXGroup section */

/* Begin PBXNativeTarget section */
		B01BCB251C509799005E07AE /* MJRefresh */ = {
			isa = PBXNativeTarget;
			buildConfigurationList = B01BCB3D1C509799005E07AE /* Build configuration list for PBXNativeTarget "MJRefresh" */;
			buildPhases = (
				B01BCB221C509799005E07AE /* Sources */,
				B01BCB231C509799005E07AE /* Frameworks */,
				B01BCB241C509799005E07AE /* Resources */,
			);
			buildRules = (
			);
			dependencies = (
			);
			name = MJRefresh;
			productName = MJRefresh;
			productReference = B01BCB261C509799005E07AE /* MJRefresh.app */;
			productType = "com.apple.product-type.application";
		};
/* End PBXNativeTarget section */

/* Begin PBXProject section */
		B01BCB1E1C509799005E07AE /* Project object */ = {
			isa = PBXProject;
			attributes = {
				LastUpgradeCheck = 0720;
				ORGANIZATIONNAME = lixiangyang;
				TargetAttributes = {
					B01BCB251C509799005E07AE = {
						CreatedOnToolsVersion = 7.2;
					};
				};
			};
			buildConfigurationList = B01BCB211C509799005E07AE /* Build configuration list for PBXProject "MJRefresh" */;
			compatibilityVersion = "Xcode 3.2";
			developmentRegion = English;
			hasScannedForEncodings = 0;
			knownRegions = (
				en,
				Base,
			);
			mainGroup = B01BCB1D1C509799005E07AE;
			productRefGroup = B01BCB271C509799005E07AE /* Products */;
			projectDirPath = "";
			projectRoot = "";
			targets = (
				B01BCB251C509799005E07AE /* MJRefresh */,
			);
		};
/* End PBXProject section */

/* Begin PBXResourcesBuildPhase section */
		B01BCB241C509799005E07AE /* Resources */ = {
			isa = PBXResourcesBuildPhase;
			buildActionMask = 2147483647;
			files = (
				B01BCB391C509799005E07AE /* LaunchScreen.storyboard in Resources */,
				B01BCB361C509799005E07AE /* Assets.xcassets in Resources */,
				B01BCB341C509799005E07AE /* Main.storyboard in Resources */,
			);
			runOnlyForDeploymentPostprocessing = 0;
		};
/* End PBXResourcesBuildPhase section */

/* Begin PBXSourcesBuildPhase section */
		B01BCB221C509799005E07AE /* Sources */ = {
			isa = PBXSourcesBuildPhase;
			buildActionMask = 2147483647;
			files = (
				B01BCB311C509799005E07AE /* ViewController.m in Sources */,
				B01BCB2E1C509799005E07AE /* AppDelegate.m in Sources */,
				B01BCB2B1C509799005E07AE /* main.m in Sources */,
			);
			runOnlyForDeploymentPostprocessing = 0;
		};
/* End PBXSourcesBuildPhase section */

/* Begin PBXVariantGroup section */
		B01BCB321C509799005E07AE /* Main.storyboard */ = {
			isa = PBXVariantGroup;
			children = (
				B01BCB331C509799005E07AE /* Base */,
			);
			name = Main.storyboard;
			sourceTree = "<group>";
		};
		B01BCB371C509799005E07AE /* LaunchScreen.storyboard */ = {
			isa = PBXVariantGroup;
			children = (
				B01BCB381C509799005E07AE /* Base */,
			);
			name = LaunchScreen.storyboard;
			sourceTree = "<group>";
		};
/* End PBXVariantGroup section */

/* Begin XCBuildConfiguration section */
		B01BCB3B1C509799005E07AE /* Debug */ = {
			isa = XCBuildConfiguration;
			buildSettings = {
				ALWAYS_SEARCH_USER_PATHS = NO;
				CLANG_CXX_LANGUAGE_STANDARD = "gnu++0x";
				CLANG_CXX_LIBRARY = "libc++";
				CLANG_ENABLE_MODULES = YES;
				CLANG_ENABLE_OBJC_ARC = YES;
				CLANG_WARN_BOOL_CONVERSION = YES;
				CLANG_WARN_CONSTANT_CONVERSION = YES;
				CLANG_WARN_DIRECT_OBJC_ISA_USAGE = YES_ERROR;
				CLANG_WARN_EMPTY_BODY = YES;
				CLANG_WARN_ENUM_CONVERSION = YES;
				CLANG_WARN_INT_CONVERSION = YES;
				CLANG_WARN_OBJC_ROOT_CLASS = YES_ERROR;
				CLANG_WARN_UNREACHABLE_CODE = YES;
				CLANG_WARN__DUPLICATE_METHOD_MATCH = YES;
				"CODE_SIGN_IDENTITY[sdk=iphoneos*]" = "iPhone Developer";
				COPY_PHASE_STRIP = NO;
				DEBUG_INFORMATION_FORMAT = dwarf;
				ENABLE_STRICT_OBJC_MSGSEND = YES;
				ENABLE_TESTABILITY = YES;
				GCC_C_LANGUAGE_STANDARD = gnu99;
				GCC_DYNAMIC_NO_PIC = NO;
				GCC_NO_COMMON_BLOCKS = YES;
				GCC_OPTIMIZATION_LEVEL = 0;
				GCC_PREPROCESSOR_DEFINITIONS = (
					"DEBUG=1",
					"$(inherited)",
				);
				GCC_WARN_64_TO_32_BIT_CONVERSION = YES;
				GCC_WARN_ABOUT_RETURN_TYPE = YES_ERROR;
				GCC_WARN_UNDECLARED_SELECTOR = YES;
				GCC_WARN_UNINITIALIZED_AUTOS = YES_AGGRESSIVE;
				GCC_WARN_UNUSED_FUNCTION = YES;
				GCC_WARN_UNUSED_VARIABLE = YES;
				IPHONEOS_DEPLOYMENT_TARGET = 9.2;
				MTL_ENABLE_DEBUG_INFO = YES;
				ONLY_ACTIVE_ARCH = YES;
				SDKROOT = iphoneos;
				TARGETED_DEVICE_FAMILY = "1,2";
			};
			name = Debug;
		};
		B01BCB3C1C509799005E07AE /* Release */ = {
			isa = XCBuildConfiguration;
			buildSettings = {
				ALWAYS_SEARCH_USER_PATHS = NO;
				CLANG_CXX_LANGUAGE_STANDARD = "gnu++0x";
				CLANG_CXX_LIBRARY = "libc++";
				CLANG_ENABLE_MODULES = YES;
				CLANG_ENABLE_OBJC_ARC = YES;
				CLANG_WARN_BOOL_CONVERSION = YES;
				CLANG_WARN_CONSTANT_CONVERSION = YES;
				CLANG_WARN_DIRECT_OBJC_ISA_USAGE = YES_ERROR;
				CLANG_WARN_EMPTY_BODY = YES;
				CLANG_WARN_ENUM_CONVERSION = YES;
				CLANG_WARN_INT_CONVERSION = YES;
				CLANG_WARN_OBJC_ROOT_CLASS = YES_ERROR;
				CLANG_WARN_UNREACHABLE_CODE = YES;
				CLANG_WARN__DUPLICATE_METHOD_MATCH = YES;
				"CODE_SIGN_IDENTITY[sdk=iphoneos*]" = "iPhone Developer";
				COPY_PHASE_STRIP = NO;
				DEBUG_INFORMATION_FORMAT = "dwarf-with-dsym";
				ENABLE_NS_ASSERTIONS = NO;
				ENABLE_STRICT_OBJC_MSGSEND = YES;
				GCC_C_LANGUAGE_STANDARD = gnu99;
				GCC_NO_COMMON_BLOCKS = YES;
				GCC_WARN_64_TO_32_BIT_CONVERSION = YES;
				GCC_WARN_ABOUT_RETURN_TYPE = YES_ERROR;
				GCC_WARN_UNDECLARED_SELECTOR = YES;
				GCC_WARN_UNINITIALIZED_AUTOS = YES_AGGRESSIVE;
				GCC_WARN_UNUSED_FUNCTION = YES;
				GCC_WARN_UNUSED_VARIABLE = YES;
				IPHONEOS_DEPLOYMENT_TARGET = 9.2;
				MTL_ENABLE_DEBUG_INFO = NO;
				SDKROOT = iphoneos;
				TARGETED_DEVICE_FAMILY = "1,2";
				VALIDATE_PRODUCT = YES;
			};
			name = Release;
		};
		B01BCB3E1C509799005E07AE /* Debug */ = {
			isa = XCBuildConfiguration;
			buildSettings = {
				ASSETCATALOG_COMPILER_APPICON_NAME = AppIcon;
				INFOPLIST_FILE = MJRefresh/Info.plist;
				LD_RUNPATH_SEARCH_PATHS = "$(inherited) @executable_path/Frameworks";
				PRODUCT_BUNDLE_IDENTIFIER = com.wudewangluo.MJRefresh;
				PRODUCT_NAME = "$(TARGET_NAME)";
			};
			name = Debug;
		};
		B01BCB3F1C509799005E07AE /* Release */ = {
			isa = XCBuildConfiguration;
			buildSettings = {
				ASSETCATALOG_COMPILER_APPICON_NAME = AppIcon;
				INFOPLIST_FILE = MJRefresh/Info.plist;
				LD_RUNPATH_SEARCH_PATHS = "$(inherited) @executable_path/Frameworks";
				PRODUCT_BUNDLE_IDENTIFIER = com.wudewangluo.MJRefresh;
				PRODUCT_NAME = "$(TARGET_NAME)";
			};
			name = Release;
		};
/* End XCBuildConfiguration section */

/* Begin XCConfigurationList section */
		B01BCB211C509799005E07AE /* Build configuration list for PBXProject "MJRefresh" */ = {
			isa = XCConfigurationList;
			buildConfigurations = (
				B01BCB3B1C509799005E07AE /* Debug */,
				B01BCB3C1C509799005E07AE /* Release */,
			);
			defaultConfigurationIsVisible = 0;
			defaultConfigurationName = Release;
		};
		B01BCB3D1C509799005E07AE /* Build configuration list for PBXNativeTarget "MJRefresh" */ = {
			isa = XCConfigurationList;
			buildConfigurations = (
				B01BCB3E1C509799005E07AE /* Debug */,
				B01BCB3F1C509799005E07AE /* Release */,
			);
			defaultConfigurationIsVisible = 0;
		};
/* End XCConfigurationList section */
	};
	rootObject = B01BCB1E1C509799005E07AE /* Project object */;
}
